// !$*UTF8*$!
{
	archiveVersion = 1;
	classes = {
	};
	objectVersion = 55;
	objects = {

/* Begin PBXBuildFile section */
		87EE786B26E45F0F00B6A245 /* It_GuhsoApp.swift in Sources */ = {isa = PBXBuildFile; fileRef = 87EE786A26E45F0F00B6A245 /* It_GuhsoApp.swift */; };
		87EE786D26E45F0F00B6A245 /* ContentView.swift in Sources */ = {isa = PBXBuildFile; fileRef = 87EE786C26E45F0F00B6A245 /* ContentView.swift */; };
		87EE786F26E45F1300B6A245 /* Assets.xcassets in Resources */ = {isa = PBXBuildFile; fileRef = 87EE786E26E45F1300B6A245 /* Assets.xcassets */; };
		87EE787226E45F1300B6A245 /* Preview Assets.xcassets in Resources */ = {isa = PBXBuildFile; fileRef = 87EE787126E45F1300B6A245 /* Preview Assets.xcassets */; };
		87EE787926E45FD400B6A245 /* Constants.swift in Sources */ = {isa = PBXBuildFile; fileRef = 87EE787826E45FD400B6A245 /* Constants.swift */; };
		87EE787B26E4618C00B6A245 /* News.swift in Sources */ = {isa = PBXBuildFile; fileRef = 87EE787A26E4618C00B6A245 /* News.swift */; };
		87EE787D26E4634500B6A245 /* ApiService.swift in Sources */ = {isa = PBXBuildFile; fileRef = 87EE787C26E4634500B6A245 /* ApiService.swift */; };
		87EE787F26E465B100B6A245 /* NewsViewModel.swift in Sources */ = {isa = PBXBuildFile; fileRef = 87EE787E26E465B100B6A245 /* NewsViewModel.swift */; };
		87EE788126E46D8E00B6A245 /* ArticleViewModel.swift in Sources */ = {isa = PBXBuildFile; fileRef = 87EE788026E46D8E00B6A245 /* ArticleViewModel.swift */; };
		87EE788326E4792D00B6A245 /* String+Extension.swift in Sources */ = {isa = PBXBuildFile; fileRef = 87EE788226E4792D00B6A245 /* String+Extension.swift */; };
		87EE788526E4816200B6A245 /* NewsListView.swift in Sources */ = {isa = PBXBuildFile; fileRef = 87EE788426E4816200B6A245 /* NewsListView.swift */; };
		87EE788726E493DB00B6A245 /* Country.swift in Sources */ = {isa = PBXBuildFile; fileRef = 87EE788626E493DA00B6A245 /* Country.swift */; };
		87EE788926E503F500B6A245 /* CountryListView.swift in Sources */ = {isa = PBXBuildFile; fileRef = 87EE788826E503F400B6A245 /* CountryListView.swift */; };
/* End PBXBuildFile section */

/* Begin PBXFileReference section */
		87EE786726E45F0F00B6A245 /* It Guhso.app */ = {isa = PBXFileReference; explicitFileType = wrapper.application; includeInIndex = 0; path = "It Guhso.app"; sourceTree = BUILT_PRODUCTS_DIR; };
		87EE786A26E45F0F00B6A245 /* It_GuhsoApp.swift */ = {isa = PBXFileReference; lastKnownFileType = sourcecode.swift; path = It_GuhsoApp.swift; sourceTree = "<group>"; };
		87EE786C26E45F0F00B6A245 /* ContentView.swift */ = {isa = PBXFileReference; lastKnownFileType = sourcecode.swift; path = ContentView.swift; sourceTree = "<group>"; };
		87EE786E26E45F1300B6A245 /* Assets.xcassets */ = {isa = PBXFileReference; lastKnownFileType = folder.assetcatalog; path = Assets.xcassets; sourceTree = "<group>"; };
		87EE787126E45F1300B6A245 /* Preview Assets.xcassets */ = {isa = PBXFileReference; lastKnownFileType = folder.assetcatalog; path = "Preview Assets.xcassets"; sourceTree = "<group>"; };
		87EE787826E45FD400B6A245 /* Constants.swift */ = {isa = PBXFileReference; lastKnownFileType = sourcecode.swift; path = Constants.swift; sourceTree = "<group>"; };
		87EE787A26E4618C00B6A245 /* News.swift */ = {isa = PBXFileReference; lastKnownFileType = sourcecode.swift; path = News.swift; sourceTree = "<group>"; };
		87EE787C26E4634500B6A245 /* ApiService.swift */ = {isa = PBXFileReference; lastKnownFileType = sourcecode.swift; path = ApiService.swift; sourceTree = "<group>"; };
		87EE787E26E465B100B6A245 /* NewsViewModel.swift */ = {isa = PBXFileReference; lastKnownFileType = sourcecode.swift; path = NewsViewModel.swift; sourceTree = "<group>"; };
		87EE788026E46D8E00B6A245 /* ArticleViewModel.swift */ = {isa = PBXFileReference; lastKnownFileType = sourcecode.swift; path = ArticleViewModel.swift; sourceTree = "<group>"; };
		87EE788226E4792D00B6A245 /* String+Extension.swift */ = {isa = PBXFileReference; lastKnownFileType = sourcecode.swift; path = "String+Extension.swift"; sourceTree = "<group>"; };
		87EE788426E4816200B6A245 /* NewsListView.swift */ = {isa = PBXFileReference; lastKnownFileType = sourcecode.swift; path = NewsListView.swift; sourceTree = "<group>"; };
		87EE788626E493DA00B6A245 /* Country.swift */ = {isa = PBXFileReference; lastKnownFileType = sourcecode.swift; path = Country.swift; sourceTree = "<group>"; };
		87EE788826E503F400B6A245 /* CountryListView.swift */ = {isa = PBXFileReference; lastKnownFileType = sourcecode.swift; path = CountryListView.swift; sourceTree = "<group>"; };
/* End PBXFileReference section */

/* Begin PBXFrameworksBuildPhase section */
		87EE786426E45F0F00B6A245 /* Frameworks */ = {
			isa = PBXFrameworksBuildPhase;
			buildActionMask = 2147483647;
			files = (
			);
			runOnlyForDeploymentPostprocessing = 0;
		};
/* End PBXFrameworksBuildPhase section */

/* Begin PBXGroup section */
		87EE785E26E45F0E00B6A245 = {
			isa = PBXGroup;
			children = (
				87EE786926E45F0F00B6A245 /* It Guhso */,
				87EE786826E45F0F00B6A245 /* Products */,
			);
			sourceTree = "<group>";
		};
		87EE786826E45F0F00B6A245 /* Products */ = {
			isa = PBXGroup;
			children = (
				87EE786726E45F0F00B6A245 /* It Guhso.app */,
			);
			name = Products;
			sourceTree = "<group>";
		};
		87EE786926E45F0F00B6A245 /* It Guhso */ = {
			isa = PBXGroup;
			children = (
				87EE786A26E45F0F00B6A245 /* It_GuhsoApp.swift */,
				87EE786C26E45F0F00B6A245 /* ContentView.swift */,
				87EE788626E493DA00B6A245 /* Country.swift */,
				87EE788426E4816200B6A245 /* NewsListView.swift */,
				87EE788226E4792D00B6A245 /* String+Extension.swift */,
				87EE788026E46D8E00B6A245 /* ArticleViewModel.swift */,
				87EE787826E45FD400B6A245 /* Constants.swift */,
				87EE787A26E4618C00B6A245 /* News.swift */,
				87EE787C26E4634500B6A245 /* ApiService.swift */,
				87EE787E26E465B100B6A245 /* NewsViewModel.swift */,
				87EE786E26E45F1300B6A245 /* Assets.xcassets */,
				87EE787026E45F1300B6A245 /* Preview Content */,
				87EE788826E503F400B6A245 /* CountryListView.swift */,
			);
			path = "It Guhso";
			sourceTree = "<group>";
		};
		87EE787026E45F1300B6A245 /* Preview Content */ = {
			isa = PBXGroup;
			children = (
				87EE787126E45F1300B6A245 /* Preview Assets.xcassets */,
			);
			path = "Preview Content";
			sourceTree = "<group>";
		};
/* End PBXGroup section */

/* Begin PBXNativeTarget section */
		87EE786626E45F0F00B6A245 /* It Guhso */ = {
			isa = PBXNativeTarget;
			buildConfigurationList = 87EE787526E45F1300B6A245 /* Build configuration list for PBXNativeTarget "It Guhso" */;
			buildPhases = (
				87EE786326E45F0F00B6A245 /* Sources */,
				87EE786426E45F0F00B6A245 /* Frameworks */,
				87EE786526E45F0F00B6A245 /* Resources */,
			);
			buildRules = (
			);
			dependencies = (
			);
			name = "It Guhso";
			productName = "It Guhso";
			productReference = 87EE786726E45F0F00B6A245 /* It Guhso.app */;
			productType = "com.apple.product-type.application";
		};
/* End PBXNativeTarget section */

/* Begin PBXProject section */
		87EE785F26E45F0F00B6A245 /* Project object */ = {
			isa = PBXProject;
			attributes = {
				BuildIndependentTargetsInParallel = 1;
				LastSwiftUpdateCheck = 1300;
				LastUpgradeCheck = 1300;
				TargetAttributes = {
					87EE786626E45F0F00B6A245 = {
						CreatedOnToolsVersion = 13.0;
					};
				};
			};
			buildConfigurationList = 87EE786226E45F0F00B6A245 /* Build configuration list for PBXProject "It Guhso" */;
			compatibilityVersion = "Xcode 13.0";
			developmentRegion = en;
			hasScannedForEncodings = 0;
			knownRegions = (
				en,
				Base,
			);
			mainGroup = 87EE785E26E45F0E00B6A245;
			productRefGroup = 87EE786826E45F0F00B6A245 /* Products */;
			projectDirPath = "";
			projectRoot = "";
			targets = (
				87EE786626E45F0F00B6A245 /* It Guhso */,
			);
		};
/* End PBXProject section */

/* Begin PBXResourcesBuildPhase section */
		87EE786526E45F0F00B6A245 /* Resources */ = {
			isa = PBXResourcesBuildPhase;
			buildActionMask = 2147483647;
			files = (
				87EE787226E45F1300B6A245 /* Preview Assets.xcassets in Resources */,
				87EE786F26E45F1300B6A245 /* Assets.xcassets in Resources */,
			);
			runOnlyForDeploymentPostprocessing = 0;
		};
/* End PBXResourcesBuildPhase section */

/* Begin PBXSourcesBuildPhase section */
		87EE786326E45F0F00B6A245 /* Sources */ = {
			isa = PBXSourcesBuildPhase;
			buildActionMask = 2147483647;
			files = (
				87EE788326E4792D00B6A245 /* String+Extension.swift in Sources */,
				87EE786D26E45F0F00B6A245 /* ContentView.swift in Sources */,
				87EE787F26E465B100B6A245 /* NewsViewModel.swift in Sources */,
				87EE787D26E4634500B6A245 /* ApiService.swift in Sources */,
				87EE786B26E45F0F00B6A245 /* It_GuhsoApp.swift in Sources */,
				87EE787B26E4618C00B6A245 /* News.swift in Sources */,
				87EE788126E46D8E00B6A245 /* ArticleViewModel.swift in Sources */,
				87EE788526E4816200B6A245 /* NewsListView.swift in Sources */,
				87EE788926E503F500B6A245 /* CountryListView.swift in Sources */,
				87EE788726E493DB00B6A245 /* Country.swift in Sources */,
				87EE787926E45FD400B6A245 /* Constants.swift in Sources */,
			);
			runOnlyForDeploymentPostprocessing = 0;
		};
/* End PBXSourcesBuildPhase section */

/* Begin XCBuildConfiguration section */
		87EE787326E45F1300B6A245 /* Debug */ = {
			isa = XCBuildConfiguration;
			buildSettings = {
				ALWAYS_SEARCH_USER_PATHS = NO;
				CLANG_ANALYZER_NONNULL = YES;
				CLANG_ANALYZER_NUMBER_OBJECT_CONVERSION = YES_AGGRESSIVE;
				CLANG_CXX_LANGUAGE_STANDARD = "gnu++17";
				CLANG_CXX_LIBRARY = "libc++";
				CLANG_ENABLE_MODULES = YES;
				CLANG_ENABLE_OBJC_ARC = YES;
				CLANG_ENABLE_OBJC_WEAK = YES;
				CLANG_WARN_BLOCK_CAPTURE_AUTORELEASING = YES;
				CLANG_WARN_BOOL_CONVERSION = YES;
				CLANG_WARN_COMMA = YES;
				CLANG_WARN_CONSTANT_CONVERSION = YES;
				CLANG_WARN_DEPRECATED_OBJC_IMPLEMENTATIONS = YES;
				CLANG_WARN_DIRECT_OBJC_ISA_USAGE = YES_ERROR;
				CLANG_WARN_DOCUMENTATION_COMMENTS = YES;
				CLANG_WARN_EMPTY_BODY = YES;
				CLANG_WARN_ENUM_CONVERSION = YES;
				CLANG_WARN_INFINITE_RECURSION = YES;
				CLANG_WARN_INT_CONVERSION = YES;
				CLANG_WARN_NON_LITERAL_NULL_CONVERSION = YES;
				CLANG_WARN_OBJC_IMPLICIT_RETAIN_SELF = YES;
				CLANG_WARN_OBJC_LITERAL_CONVERSION = YES;
				CLANG_WARN_OBJC_ROOT_CLASS = YES_ERROR;
				CLANG_WARN_QUOTED_INCLUDE_IN_FRAMEWORK_HEADER = YES;
				CLANG_WARN_RANGE_LOOP_ANALYSIS = YES;
				CLANG_WARN_STRICT_PROTOTYPES = YES;
				CLANG_WARN_SUSPICIOUS_MOVE = YES;
				CLANG_WARN_UNGUARDED_AVAILABILITY = YES_AGGRESSIVE;
				CLANG_WARN_UNREACHABLE_CODE = YES;
				CLANG_WARN__DUPLICATE_METHOD_MATCH = YES;
				COPY_PHASE_STRIP = NO;
				DEBUG_INFORMATION_FORMAT = dwarf;
				ENABLE_STRICT_OBJC_MSGSEND = YES;
				ENABLE_TESTABILITY = YES;
				GCC_C_LANGUAGE_STANDARD = gnu11;
				GCC_DYNAMIC_NO_PIC = NO;
				GCC_NO_COMMON_BLOCKS = YES;
				GCC_OPTIMIZATION_LEVEL = 0;
				GCC_PREPROCESSOR_DEFINITIONS = (
					"DEBUG=1",
					"$(inherited)",
				);
				GCC_WARN_64_TO_32_BIT_CONVERSION = YES;
				GCC_WARN_ABOUT_RETURN_TYPE = YES_ERROR;
				GCC_WARN_UNDECLARED_SELECTOR = YES;
				GCC_WARN_UNINITIALIZED_AUTOS = YES_AGGRESSIVE;
				GCC_WARN_UNUSED_FUNCTION = YES;
				GCC_WARN_UNUSED_VARIABLE = YES;
				IPHONEOS_DEPLOYMENT_TARGET = 15.0;
				MTL_ENABLE_DEBUG_INFO = INCLUDE_SOURCE;
				MTL_FAST_MATH = YES;
				ONLY_ACTIVE_ARCH = YES;
				SDKROOT = iphoneos;
				SWIFT_ACTIVE_COMPILATION_CONDITIONS = DEBUG;
				SWIFT_OPTIMIZATION_LEVEL = "-Onone";
			};
			name = Debug;
		};
		87EE787426E45F1300B6A245 /* Release */ = {
			isa = XCBuildConfiguration;
			buildSettings = {
				ALWAYS_SEARCH_USER_PATHS = NO;
				CLANG_ANALYZER_NONNULL = YES;
				CLANG_ANALYZER_NUMBER_OBJECT_CONVERSION = YES_AGGRESSIVE;
				CLANG_CXX_LANGUAGE_STANDARD = "gnu++17";
				CLANG_CXX_LIBRARY = "libc++";
				CLANG_ENABLE_MODULES = YES;
				CLANG_ENABLE_OBJC_ARC = YES;
				CLANG_ENABLE_OBJC_WEAK = YES;
				CLANG_WARN_BLOCK_CAPTURE_AUTORELEASING = YES;
				CLANG_WARN_BOOL_CONVERSION = YES;
				CLANG_WARN_COMMA = YES;
				CLANG_WARN_CONSTANT_CONVERSION = YES;
				CLANG_WARN_DEPRECATED_OBJC_IMPLEMENTATIONS = YES;
				CLANG_WARN_DIRECT_OBJC_ISA_USAGE = YES_ERROR;
				CLANG_WARN_DOCUMENTATION_COMMENTS = YES;
				CLANG_WARN_EMPTY_BODY = YES;
				CLANG_WARN_ENUM_CONVERSION = YES;
				CLANG_WARN_INFINITE_RECURSION = YES;
				CLANG_WARN_INT_CONVERSION = YES;
				CLANG_WARN_NON_LITERAL_NULL_CONVERSION = YES;
				CLANG_WARN_OBJC_IMPLICIT_RETAIN_SELF = YES;
				CLANG_WARN_OBJC_LITERAL_CONVERSION = YES;
				CLANG_WARN_OBJC_ROOT_CLASS = YES_ERROR;
				CLANG_WARN_QUOTED_INCLUDE_IN_FRAMEWORK_HEADER = YES;
				CLANG_WARN_RANGE_LOOP_ANALYSIS = YES;
				CLANG_WARN_STRICT_PROTOTYPES = YES;
				CLANG_WARN_SUSPICIOUS_MOVE = YES;
				CLANG_WARN_UNGUARDED_AVAILABILITY = YES_AGGRESSIVE;
				CLANG_WARN_UNREACHABLE_CODE = YES;
				CLANG_WARN__DUPLICATE_METHOD_MATCH = YES;
				COPY_PHASE_STRIP = NO;
				DEBUG_INFORMATION_FORMAT = "dwarf-with-dsym";
				ENABLE_NS_ASSERTIONS = NO;
				ENABLE_STRICT_OBJC_MSGSEND = YES;
				GCC_C_LANGUAGE_STANDARD = gnu11;
				GCC_NO_COMMON_BLOCKS = YES;
				GCC_WARN_64_TO_32_BIT_CONVERSION = YES;
				GCC_WARN_ABOUT_RETURN_TYPE = YES_ERROR;
				GCC_WARN_UNDECLARED_SELECTOR = YES;
				GCC_WARN_UNINITIALIZED_AUTOS = YES_AGGRESSIVE;
				GCC_WARN_UNUSED_FUNCTION = YES;
				GCC_WARN_UNUSED_VARIABLE = YES;
				IPHONEOS_DEPLOYMENT_TARGET = 15.0;
				MTL_ENABLE_DEBUG_INFO = NO;
				MTL_FAST_MATH = YES;
				SDKROOT = iphoneos;
				SWIFT_COMPILATION_MODE = wholemodule;
				SWIFT_OPTIMIZATION_LEVEL = "-O";
				VALIDATE_PRODUCT = YES;
			};
			name = Release;
		};
		87EE787626E45F1300B6A245 /* Debug */ = {
			isa = XCBuildConfiguration;
			buildSettings = {
				ASSETCATALOG_COMPILER_APPICON_NAME = AppIcon;
				ASSETCATALOG_COMPILER_GLOBAL_ACCENT_COLOR_NAME = AccentColor;
				CODE_SIGN_STYLE = Automatic;
				CURRENT_PROJECT_VERSION = 1;
				DEVELOPMENT_ASSET_PATHS = "\"It Guhso/Preview Content\"";
				DEVELOPMENT_TEAM = NVBAMR8VDL;
				ENABLE_PREVIEWS = YES;
				GENERATE_INFOPLIST_FILE = YES;
				INFOPLIST_KEY_UIApplicationSceneManifest_Generation = YES;
				INFOPLIST_KEY_UIApplicationSupportsIndirectInputEvents = YES;
				INFOPLIST_KEY_UILaunchScreen_Generation = YES;
				INFOPLIST_KEY_UISupportedInterfaceOrientations_iPad = "UIInterfaceOrientationPortrait UIInterfaceOrientationPortraitUpsideDown UIInterfaceOrientationLandscapeLeft UIInterfaceOrientationLandscapeRight";
				INFOPLIST_KEY_UISupportedInterfaceOrientations_iPhone = "UIInterfaceOrientationPortrait UIInterfaceOrientationLandscapeLeft UIInterfaceOrientationLandscapeRight";
				IPHONEOS_DEPLOYMENT_TARGET = 14.0;
				LD_RUNPATH_SEARCH_PATHS = (
					"$(inherited)",
					"@executable_path/Frameworks",
				);
				MARKETING_VERSION = 1.0;
				PRODUCT_BUNDLE_IDENTIFIER = "com.5fourlab.It-Guhso";
				PRODUCT_NAME = "$(TARGET_NAME)";
				SWIFT_EMIT_LOC_STRINGS = YES;
				SWIFT_VERSION = 5.0;
				TARGETED_DEVICE_FAMILY = "1,2";
			};
			name = Debug;
		};
		87EE787726E45F1300B6A245 /* Release */ = {
			isa = XCBuildConfiguration;
			buildSettings = {
				ASSETCATALOG_COMPILER_APPICON_NAME = AppIcon;
				ASSETCATALOG_COMPILER_GLOBAL_ACCENT_COLOR_NAME = AccentColor;
				CODE_SIGN_STYLE = Automatic;
				CURRENT_PROJECT_VERSION = 1;
				DEVELOPMENT_ASSET_PATHS = "\"It Guhso/Preview Content\"";
				DEVELOPMENT_TEAM = NVBAMR8VDL;
				ENABLE_PREVIEWS = YES;
				GENERATE_INFOPLIST_FILE = YES;
				INFOPLIST_KEY_UIApplicationSceneManifest_Generation = YES;
				INFOPLIST_KEY_UIApplicationSupportsIndirectInputEvents = YES;
				INFOPLIST_KEY_UILaunchScreen_Generation = YES;
				INFOPLIST_KEY_UISupportedInterfaceOrientations_iPad = "UIInterfaceOrientationPortrait UIInterfaceOrientationPortraitUpsideDown UIInterfaceOrientationLandscapeLeft UIInterfaceOrientationLandscapeRight";
				INFOPLIST_KEY_UISupportedInterfaceOrientations_iPhone = "UIInterfaceOrientationPortrait UIInterfaceOrientationLandscapeLeft UIInterfaceOrientationLandscapeRight";
				IPHONEOS_DEPLOYMENT_TARGET = 14.0;
				LD_RUNPATH_SEARCH_PATHS = (
					"$(inherited)",
					"@executable_path/Frameworks",
				);
				MARKETING_VERSION = 1.0;
				PRODUCT_BUNDLE_IDENTIFIER = "com.5fourlab.It-Guhso";
				PRODUCT_NAME = "$(TARGET_NAME)";
				SWIFT_EMIT_LOC_STRINGS = YES;
				SWIFT_VERSION = 5.0;
				TARGETED_DEVICE_FAMILY = "1,2";
			};
			name = Release;
		};
/* End XCBuildConfiguration section */

/* Begin XCConfigurationList section */
		87EE786226E45F0F00B6A245 /* Build configuration list for PBXProject "It Guhso" */ = {
			isa = XCConfigurationList;
			buildConfigurations = (
				87EE787326E45F1300B6A245 /* Debug */,
				87EE787426E45F1300B6A245 /* Release */,
			);
			defaultConfigurationIsVisible = 0;
			defaultConfigurationName = Release;
		};
		87EE787526E45F1300B6A245 /* Build configuration list for PBXNativeTarget "It Guhso" */ = {
			isa = XCConfigurationList;
			buildConfigurations = (
				87EE787626E45F1300B6A245 /* Debug */,
				87EE787726E45F1300B6A245 /* Release */,
			);
			defaultConfigurationIsVisible = 0;
			defaultConfigurationName = Release;
		};
/* End XCConfigurationList section */
	};
	rootObject = 87EE785F26E45F0F00B6A245 /* Project object */;
}
